
Microsoft Visual Studio Solution File, Format Version 12.00
# Visual Studio Version 17
VisualStudioVersion = 17.1.32407.343
MinimumVisualStudioVersion = 10.0.40219.1
Project("{FAE04EC0-301F-11D3-BF4B-00C04F79EFBC}") = "RedisTestApi", "RedisTestApi\RedisTestApi.csproj", "{EDEFE927-7491-4668-ADA4-B1A555631A1A}"
EndProject
Global
	GlobalSection(SolutionConfigurationPlatforms) = preSolution
		Debug|Any CPU = Debug|Any CPU
		Release|Any CPU = Release|Any CPU
	EndGlobalSection
	GlobalSection(ProjectConfigurationPlatforms) = postSolution
		{EDEFE927-7491-4668-ADA4-B1A555631A1A}.Debug|Any CPU.ActiveCfg = Debug|Any CPU
		{EDEFE927-7491-4668-ADA4-B1A555631A1A}.Debug|Any CPU.Build.0 = Debug|Any CPU
		{EDEFE927-7491-4668-ADA4-B1A555631A1A}.Release|Any CPU.ActiveCfg = Release|Any CPU
		{EDEFE927-7491-4668-ADA4-B1A555631A1A}.Release|Any CPU.Build.0 = Release|Any CPU
	EndGlobalSection
	GlobalSection(SolutionProperties) = preSolution
		HideSolutionNode = FALSE
	EndGlobalSection
	GlobalSection(ExtensibilityGlobals) = postSolution
		SolutionGuid = {58CC41CC-9F6A-4780-B05B-A9CB2573D295}
	EndGlobalSection
EndGlobal
